Microsoft Visual Studio Solution File, Format Version 12.00
# Visual Studio Version 17
VisualStudioVersion = 17.5.2.0
MinimumVisualStudioVersion = 10.0.40219.1
Project("{FAE04EC0-301F-11D3-BF4B-00C04F79EFBC}") = "24-API-Semantics", "24-API-Semantics.csproj", "{8DAC5FEE-7E74-3D5D-150F-F0DEC54AD39B}"
EndProject
Global
	GlobalSection(SolutionConfigurationPlatforms) = preSolution
		Debug|Any CPU = Debug|Any CPU
		Release|Any CPU = Release|Any CPU
	EndGlobalSection
	GlobalSection(ProjectConfigurationPlatforms) = postSolution
		{8DAC5FEE-7E74-3D5D-150F-F0DEC54AD39B}.Debug|Any CPU.ActiveCfg = Debug|Any CPU
		{8DAC5FEE-7E74-3D5D-150F-F0DEC54AD39B}.Debug|Any CPU.Build.0 = Debug|Any CPU
		{8DAC5FEE-7E74-3D5D-150F-F0DEC54AD39B}.Release|Any CPU.ActiveCfg = Release|Any CPU
		{8DAC5FEE-7E74-3D5D-150F-F0DEC54AD39B}.Release|Any CPU.Build.0 = Release|Any CPU
	EndGlobalSection
	GlobalSection(SolutionProperties) = preSolution
		HideSolutionNode = FALSE
	EndGlobalSection
	GlobalSection(ExtensibilityGlobals) = postSolution
		SolutionGuid = {CDA2A63C-3945-4E05-B71F-8F4821B328E9}
	EndGlobalSection
EndGlobal
